{
  "version": 4,
  "terraform_version": "1.8.1",
  "serial": 14746,
  "lineage": "91c5eeef-0e8e-0c2f-12a1-57a37dcc0a3e",
  "outputs": {},
  "resources": [
    {
      "mode": "data",
      "type": "aws_iam_policy_document",
      "name": "step_function_policy",
      "provider": "provider[\"registry.terraform.io/hashicorp/aws\"]",
      "instances": [
        {
          "schema_version": 0,
          "attributes": {
            "id": "236890490",
            "json": "{\n  \"Version\": \"2012-10-17\",\n  \"Statement\": [\n    {\n      \"Effect\": \"Allow\",\n      \"Action\": \"lambda:InvokeFunction\",\n      \"Resource\": \"arn:aws:lambda:eu-central-1:975050363201:function:sqs-consumer-lambda\"\n    }\n  ]\n}",
            "minified_json": "{\"Version\":\"2012-10-17\",\"Statement\":[{\"Effect\":\"Allow\",\"Action\":\"lambda:InvokeFunction\",\"Resource\":\"arn:aws:lambda:eu-central-1:975050363201:function:sqs-consumer-lambda\"}]}",
            "override_json": null,
            "override_policy_documents": null,
            "policy_id": null,
            "source_json": null,
            "source_policy_documents": null,
            "statement": [
              {
                "actions": [
                  "lambda:InvokeFunction"
                ],
                "condition": [],
                "effect": "Allow",
                "not_actions": [],
                "not_principals": [],
                "not_resources": [],
                "principals": [],
                "resources": [
                  "arn:aws:lambda:eu-central-1:975050363201:function:sqs-consumer-lambda"
                ],
                "sid": ""
              }
            ],
            "version": "2012-10-17"
          },
          "sensitive_attributes": []
        }
      ]
    },
    {
      "mode": "managed",
      "type": "aws_cloudwatch_event_rule",
      "name": "daily_sqs_processor_trigger",
      "provider": "provider[\"registry.terraform.io/hashicorp/aws\"]",
      "instances": [
        {
          "schema_version": 1,
          "attributes": {
            "arn": "arn:aws:events:eu-central-1:975050363201:rule/DailySQSProcessorTrigger",
            "description": "",
            "event_bus_name": "default",
            "event_pattern": null,
            "force_destroy": false,
            "id": "DailySQSProcessorTrigger",
            "is_enabled": true,
            "name": "DailySQSProcessorTrigger",
            "name_prefix": "",
            "role_arn": "",
            "schedule_expression": "cron(0 3 * * ? *)",
            "state": "ENABLED",
            "tags": {},
            "tags_all": {}
          },
          "sensitive_attributes": [],
          "private": "eyJzY2hlbWFfdmVyc2lvbiI6IjEifQ=="
        }
      ]
    },
    {
      "mode": "managed",
      "type": "aws_cloudwatch_event_target",
      "name": "sqs_processor_target",
      "provider": "provider[\"registry.terraform.io/hashicorp/aws\"]",
      "instances": [
        {
          "schema_version": 1,
          "attributes": {
            "arn": "arn:aws:states:eu-central-1:975050363201:stateMachine:SQSProcessor",
            "batch_target": [],
            "dead_letter_config": [],
            "ecs_target": [],
            "event_bus_name": "default",
            "force_destroy": false,
            "http_target": [],
            "id": "DailySQSProcessorTrigger-SQSProcessorStepFunction",
            "input": "",
            "input_path": "",
            "input_transformer": [],
            "kinesis_target": [],
            "redshift_target": [],
            "retry_policy": [],
            "role_arn": "arn:aws:iam::975050363201:role/StepFunctionExecutionRole",
            "rule": "DailySQSProcessorTrigger",
            "run_command_targets": [],
            "sagemaker_pipeline_target": [],
            "sqs_target": [],
            "target_id": "SQSProcessorStepFunction"
          },
          "sensitive_attributes": [],
          "private": "eyJzY2hlbWFfdmVyc2lvbiI6IjEifQ==",
          "dependencies": [
            "aws_cloudwatch_event_rule.daily_sqs_processor_trigger",
            "aws_iam_role.lambda_execution_role",
            "aws_iam_role.step_function_role",
            "aws_lambda_function.sqs_consumer_lambda",
            "aws_sfn_state_machine.sqs_processor",
            "aws_sns_topic.restock_notifications",
            "aws_sqs_queue.inventory_queue"
          ]
        }
      ]
    },
    {
      "mode": "managed",
      "type": "aws_dynamodb_table",
      "name": "inventory_table",
      "provider": "provider[\"registry.terraform.io/hashicorp/aws\"]",
      "instances": [
        {
          "schema_version": 1,
          "attributes": {
            "arn": "arn:aws:dynamodb:eu-central-1:975050363201:table/Inventory",
            "attribute": [
              {
                "name": "ItemId",
                "type": "S"
              },
              {
                "name": "ItemName",
                "type": "S"
              },
              {
                "name": "StockLevelChange",
                "type": "N"
              },
              {
                "name": "Timestamp",
                "type": "S"
              },
              {
                "name": "WarehouseName",
                "type": "S"
              }
            ],
            "billing_mode": "PAY_PER_REQUEST",
            "deletion_protection_enabled": false,
            "global_secondary_index": [
              {
                "hash_key": "ItemName",
                "name": "ItemNameIndex",
                "non_key_attributes": [],
                "projection_type": "ALL",
                "range_key": "",
                "read_capacity": 0,
                "write_capacity": 0
              },
              {
                "hash_key": "StockLevelChange",
                "name": "StockLevelChangeIndex",
                "non_key_attributes": [],
                "projection_type": "ALL",
                "range_key": "",
                "read_capacity": 0,
                "write_capacity": 0
              },
              {
                "hash_key": "Timestamp",
                "name": "TimestampIndex",
                "non_key_attributes": [],
                "projection_type": "ALL",
                "range_key": "",
                "read_capacity": 0,
                "write_capacity": 0
              },
              {
                "hash_key": "WarehouseName",
                "name": "WarehouseNameIndex",
                "non_key_attributes": [],
                "projection_type": "ALL",
                "range_key": "",
                "read_capacity": 0,
                "write_capacity": 0
              }
            ],
            "hash_key": "ItemId",
            "id": "Inventory",
            "import_table": [],
            "local_secondary_index": [],
            "name": "Inventory",
            "point_in_time_recovery": [
              {
                "enabled": false
              }
            ],
            "range_key": "WarehouseName",
            "read_capacity": 0,
            "replica": [],
            "restore_date_time": null,
            "restore_source_name": null,
            "restore_to_latest_time": null,
            "server_side_encryption": [],
            "stream_arn": "",
            "stream_enabled": false,
            "stream_label": "",
            "stream_view_type": "",
            "table_class": "STANDARD",
            "tags": {},
            "tags_all": {},
            "timeouts": null,
            "ttl": [
              {
                "attribute_name": "",
                "enabled": false
              }
            ],
            "write_capacity": 0
          },
          "sensitive_attributes": [],
          "private": "eyJlMmJmYjczMC1lY2FhLTExZTYtOGY4OC0zNDM2M2JjN2M0YzAiOnsiY3JlYXRlIjoxODAwMDAwMDAwMDAwLCJkZWxldGUiOjYwMDAwMDAwMDAwMCwidXBkYXRlIjozNjAwMDAwMDAwMDAwfSwic2NoZW1hX3ZlcnNpb24iOiIxIn0="
        }
      ]
    },
    {
      "mode": "managed",
      "type": "aws_dynamodb_table",
      "name": "restock_table",
      "provider": "provider[\"registry.terraform.io/hashicorp/aws\"]",
      "instances": [
        {
          "schema_version": 1,
          "attributes": {
            "arn": "arn:aws:dynamodb:eu-central-1:975050363201:table/Restock",
            "attribute": [
              {
                "name": "ItemId",
                "type": "S"
              },
              {
                "name": "RestockIfBelow",
                "type": "N"
              }
            ],
            "billing_mode": "PAY_PER_REQUEST",
            "deletion_protection_enabled": false,
            "global_secondary_index": [
              {
                "hash_key": "RestockIfBelow",
                "name": "RestockIfBelowIndex",
                "non_key_attributes": [],
                "projection_type": "ALL",
                "range_key": "",
                "read_capacity": 0,
                "write_capacity": 0
              }
            ],
            "hash_key": "ItemId",
            "id": "Restock",
            "import_table": [],
            "local_secondary_index": [],
            "name": "Restock",
            "point_in_time_recovery": [
              {
                "enabled": false
              }
            ],
            "range_key": null,
            "read_capacity": 0,
            "replica": [],
            "restore_date_time": null,
            "restore_source_name": null,
            "restore_to_latest_time": null,
            "server_side_encryption": [],
            "stream_arn": "",
            "stream_enabled": false,
            "stream_label": "",
            "stream_view_type": "",
            "table_class": "STANDARD",
            "tags": {
              "Name": "Restock Table"
            },
            "tags_all": {
              "Name": "Restock Table"
            },
            "timeouts": null,
            "ttl": [
              {
                "attribute_name": "",
                "enabled": false
              }
            ],
            "write_capacity": 0
          },
          "sensitive_attributes": [],
          "private": "eyJlMmJmYjczMC1lY2FhLTExZTYtOGY4OC0zNDM2M2JjN2M0YzAiOnsiY3JlYXRlIjoxODAwMDAwMDAwMDAwLCJkZWxldGUiOjYwMDAwMDAwMDAwMCwidXBkYXRlIjozNjAwMDAwMDAwMDAwfSwic2NoZW1hX3ZlcnNpb24iOiIxIn0="
        }
      ]
    },
    {
      "mode": "managed",
      "type": "aws_iam_policy",
      "name": "dynamodb_batch_write_policy_restock",
      "provider": "provider[\"registry.terraform.io/hashicorp/aws\"]",
      "instances": [
        {
          "schema_version": 0,
          "attributes": {
            "arn": "arn:aws:iam::975050363201:policy/DynamoDBBatchWritePolicyRestock",
            "attachment_count": 1,
            "description": "Policy to allow DynamoDB BatchWriteItem operation on the Restock table",
            "id": "arn:aws:iam::975050363201:policy/DynamoDBBatchWritePolicyRestock",
            "name": "DynamoDBBatchWritePolicyRestock",
            "name_prefix": "",
            "path": "/",
            "policy": "{\"Statement\":[{\"Action\":\"dynamodb:BatchWriteItem\",\"Effect\":\"Allow\",\"Resource\":\"arn:aws:dynamodb:eu-central-1:975050363201:table/Restock\"}],\"Version\":\"2012-10-17\"}",
            "policy_id": "ANPA6GBMH2FAZFGJ7MIPI",
            "tags": {},
            "tags_all": {}
          },
          "sensitive_attributes": [],
          "private": "bnVsbA==",
          "dependencies": [
            "aws_dynamodb_table.restock_table"
          ]
        }
      ]
    },
    {
      "mode": "managed",
      "type": "aws_iam_policy",
      "name": "dynamodb_read_policy_inventory",
      "provider": "provider[\"registry.terraform.io/hashicorp/aws\"]",
      "instances": [
        {
          "schema_version": 0,
          "attributes": {
            "arn": "arn:aws:iam::975050363201:policy/DynamoDBReadPolicyInventory",
            "attachment_count": 1,
            "description": "Policy to allow DynamoDB read operation on the Inventory table",
            "id": "arn:aws:iam::975050363201:policy/DynamoDBReadPolicyInventory",
            "name": "DynamoDBReadPolicyInventory",
            "name_prefix": "",
            "path": "/",
            "policy": "{\"Statement\":[{\"Action\":[\"dynamodb:PutItem\",\"dynamodb:GetItem\",\"dynamodb:UpdateItem\",\"s3:GetObject\",\"dynamodb:Scan\",\"s3:ListBucket\"],\"Effect\":\"Allow\",\"Resource\":\"arn:aws:dynamodb:eu-central-1:975050363201:table/Inventory\"}],\"Version\":\"2012-10-17\"}",
            "policy_id": "ANPA6GBMH2FAXBLUEEOT3",
            "tags": {},
            "tags_all": {}
          },
          "sensitive_attributes": [],
          "private": "bnVsbA==",
          "dependencies": [
            "aws_dynamodb_table.inventory_table"
          ]
        }
      ]
    },
    {
      "mode": "managed",
      "type": "aws_iam_policy",
      "name": "dynamodb_read_policy_restock",
      "provider": "provider[\"registry.terraform.io/hashicorp/aws\"]",
      "instances": [
        {
          "schema_version": 0,
          "attributes": {
            "arn": "arn:aws:iam::975050363201:policy/DynamoDBReadPolicyRestock",
            "attachment_count": 1,
            "description": "Policy to allow DynamoDB read operation on the Restock table",
            "id": "arn:aws:iam::975050363201:policy/DynamoDBReadPolicyRestock",
            "name": "DynamoDBReadPolicyRestock",
            "name_prefix": "",
            "path": "/",
            "policy": "{\"Statement\":[{\"Action\":\"dynamodb:GetItem\",\"Effect\":\"Allow\",\"Resource\":\"arn:aws:dynamodb:eu-central-1:975050363201:table/Restock\"}],\"Version\":\"2012-10-17\"}",
            "policy_id": "ANPA6GBMH2FA2D4TDHNJC",
            "tags": {},
            "tags_all": {}
          },
          "sensitive_attributes": [],
          "private": "bnVsbA==",
          "dependencies": [
            "aws_dynamodb_table.restock_table"
          ]
        }
      ]
    },
    {
      "mode": "managed",
      "type": "aws_iam_policy",
      "name": "dynamodb_scan_policy_inventory",
      "provider": "provider[\"registry.terraform.io/hashicorp/aws\"]",
      "instances": [
        {
          "schema_version": 0,
          "attributes": {
            "arn": "arn:aws:iam::975050363201:policy/DynamoDBScanPolicyInventory",
            "attachment_count": 1,
            "description": "Policy to allow DynamoDB scan operation on the Inventory table",
            "id": "arn:aws:iam::975050363201:policy/DynamoDBScanPolicyInventory",
            "name": "DynamoDBScanPolicyInventory",
            "name_prefix": "",
            "path": "/",
            "policy": "{\"Statement\":[{\"Action\":\"dynamodb:Scan\",\"Effect\":\"Allow\",\"Resource\":\"arn:aws:dynamodb:eu-central-1:975050363201:table/Inventory\"}],\"Version\":\"2012-10-17\"}",
            "policy_id": "ANPA6GBMH2FAXV6KWYCTT",
            "tags": {},
            "tags_all": {}
          },
          "sensitive_attributes": [],
          "private": "bnVsbA==",
          "dependencies": [
            "aws_dynamodb_table.inventory_table"
          ]
        }
      ]
    },
    {
      "mode": "managed",
      "type": "aws_iam_policy",
      "name": "dynamodb_scan_policy_restock",
      "provider": "provider[\"registry.terraform.io/hashicorp/aws\"]",
      "instances": [
        {
          "schema_version": 0,
          "attributes": {
            "arn": "arn:aws:iam::975050363201:policy/DynamoDBScanPolicyRestock",
            "attachment_count": 1,
            "description": "Policy to allow DynamoDB scan operation on the Restock table",
            "id": "arn:aws:iam::975050363201:policy/DynamoDBScanPolicyRestock",
            "name": "DynamoDBScanPolicyRestock",
            "name_prefix": "",
            "path": "/",
            "policy": "{\"Statement\":[{\"Action\":\"dynamodb:Scan\",\"Effect\":\"Allow\",\"Resource\":\"arn:aws:dynamodb:eu-central-1:975050363201:table/Restock\"}],\"Version\":\"2012-10-17\"}",
            "policy_id": "ANPA6GBMH2FAWKMXIGUMN",
            "tags": {},
            "tags_all": {}
          },
          "sensitive_attributes": [],
          "private": "bnVsbA==",
          "dependencies": [
            "aws_dynamodb_table.restock_table"
          ]
        }
      ]
    },
    {
      "mode": "managed",
      "type": "aws_iam_policy",
      "name": "lambda_execution_policy",
      "provider": "provider[\"registry.terraform.io/hashicorp/aws\"]",
      "instances": [
        {
          "schema_version": 0,
          "attributes": {
            "arn": "arn:aws:iam::975050363201:policy/lambda_execution_policy",
            "attachment_count": 1,
            "description": "",
            "id": "arn:aws:iam::975050363201:policy/lambda_execution_policy",
            "name": "lambda_execution_policy",
            "name_prefix": "",
            "path": "/",
            "policy": "{\"Statement\":[{\"Action\":[\"dynamodb:PutItem\",\"dynamodb:GetItem\",\"dynamodb:UpdateItem\",\"s3:GetObject\",\"dynamodb:Scan\",\"s3:ListBucket\"],\"Effect\":\"Allow\",\"Resource\":[\"arn:aws:dynamodb:eu-central-1:975050363201:table/Inventory\",\"arn:aws:dynamodb:eu-central-1:975050363201:table/Restock\",\"arn:aws:s3:::unique-name-for-inventory-bucket-example/*\",\"arn:aws:s3:::unique-name-for-inventory-bucket-example\"]},{\"Action\":\"sns:Publish\",\"Effect\":\"Allow\",\"Resource\":\"arn:aws:sns:eu-central-1:975050363201:restock_notifications_topic\"}],\"Version\":\"2012-10-17\"}",
            "policy_id": "ANPA6GBMH2FAYGMVVBXI6",
            "tags": {},
            "tags_all": {}
          },
          "sensitive_attributes": [],
          "private": "bnVsbA==",
          "dependencies": [
            "aws_dynamodb_table.inventory_table",
            "aws_dynamodb_table.restock_table",
            "aws_s3_bucket.inventory_files",
            "aws_sns_topic.restock_notifications"
          ]
        }
      ]
    },
    {
      "mode": "managed",
      "type": "aws_iam_policy",
      "name": "lambda_sns_policy_publish",
      "provider": "provider[\"registry.terraform.io/hashicorp/aws\"]",
      "instances": [
        {
          "schema_version": 0,
          "attributes": {
            "arn": "arn:aws:iam::975050363201:policy/LambdaSNSPolicyPublish",
            "attachment_count": 1,
            "description": "Policy to allow Lambda to publish messages to SNS",
            "id": "arn:aws:iam::975050363201:policy/LambdaSNSPolicyPublish",
            "name": "LambdaSNSPolicyPublish",
            "name_prefix": "",
            "path": "/",
            "policy": "{\"Statement\":[{\"Action\":\"sns:Publish\",\"Effect\":\"Allow\",\"Resource\":\"arn:aws:sns:eu-central-1:975050363201:restock_notifications_topic\"}],\"Version\":\"2012-10-17\"}",
            "policy_id": "ANPA6GBMH2FAWW3WAB4KJ",
            "tags": {},
            "tags_all": {}
          },
          "sensitive_attributes": [],
          "private": "bnVsbA==",
          "dependencies": [
            "aws_sns_topic.restock_notifications"
          ]
        }
      ]
    },
    {
      "mode": "managed",
      "type": "aws_iam_policy",
      "name": "sqs_receive_message_policy",
      "provider": "provider[\"registry.terraform.io/hashicorp/aws\"]",
      "instances": [
        {
          "schema_version": 0,
          "attributes": {
            "arn": "arn:aws:iam::975050363201:policy/SQSReceiveMessagePolicy",
            "attachment_count": 1,
            "description": "Policy to allow receiving messages from SQS queue",
            "id": "arn:aws:iam::975050363201:policy/SQSReceiveMessagePolicy",
            "name": "SQSReceiveMessagePolicy",
            "name_prefix": "",
            "path": "/",
            "policy": "{\"Statement\":[{\"Action\":[\"sqs:ReceiveMessage\",\"sqs:DeleteMessage\"],\"Effect\":\"Allow\",\"Resource\":\"arn:aws:sqs:eu-central-1:975050363201:inventory_queue\"}],\"Version\":\"2012-10-17\"}",
            "policy_id": "ANPA6GBMH2FAQMPAYAKAL",
            "tags": {},
            "tags_all": {}
          },
          "sensitive_attributes": [],
          "private": "bnVsbA==",
          "dependencies": [
            "aws_sqs_queue.inventory_queue"
          ]
        }
      ]
    },
    {
      "mode": "managed",
      "type": "aws_iam_policy",
      "name": "sqs_send_message_policy",
      "provider": "provider[\"registry.terraform.io/hashicorp/aws\"]",
      "instances": [
        {
          "schema_version": 0,
          "attributes": {
            "arn": "arn:aws:iam::975050363201:policy/SQSSendMessagePolicy",
            "attachment_count": 1,
            "description": "Policy to allow sending messages to SQS queues",
            "id": "arn:aws:iam::975050363201:policy/SQSSendMessagePolicy",
            "name": "SQSSendMessagePolicy",
            "name_prefix": "",
            "path": "/",
            "policy": "{\"Statement\":[{\"Action\":[\"sqs:SendMessage\"],\"Effect\":\"Allow\",\"Resource\":\"arn:aws:sqs:eu-central-1:975050363201:inventory_queue\"}],\"Version\":\"2012-10-17\"}",
            "policy_id": "ANPA6GBMH2FAWGJYZ5MJU",
            "tags": {},
            "tags_all": {}
          },
          "sensitive_attributes": [],
          "private": "bnVsbA==",
          "dependencies": [
            "aws_sqs_queue.inventory_queue"
          ]
        }
      ]
    },
    {
      "mode": "managed",
      "type": "aws_iam_policy_attachment",
      "name": "lambda_dynamodb_read_attachment_inventory",
      "provider": "provider[\"registry.terraform.io/hashicorp/aws\"]",
      "instances": [
        {
          "schema_version": 0,
          "attributes": {
            "groups": [],
            "id": "LambdaDynamoDBReadAttachmentInventory",
            "name": "LambdaDynamoDBReadAttachmentInventory",
            "policy_arn": "arn:aws:iam::975050363201:policy/DynamoDBReadPolicyInventory",
            "roles": [
              "lambda_execution_role_sns"
            ],
            "users": []
          },
          "sensitive_attributes": [],
          "private": "bnVsbA==",
          "dependencies": [
            "aws_dynamodb_table.inventory_table",
            "aws_iam_policy.dynamodb_read_policy_inventory",
            "aws_iam_role.lambda_execution_role_sns"
          ]
        }
      ]
    },
    {
      "mode": "managed",
      "type": "aws_iam_policy_attachment",
      "name": "lambda_dynamodb_read_attachment_restock",
      "provider": "provider[\"registry.terraform.io/hashicorp/aws\"]",
      "instances": [
        {
          "schema_version": 0,
          "attributes": {
            "groups": [],
            "id": "LambdaDynamoDBReadAttachmentRestock",
            "name": "LambdaDynamoDBReadAttachmentRestock",
            "policy_arn": "arn:aws:iam::975050363201:policy/DynamoDBReadPolicyRestock",
            "roles": [
              "lambda_execution_role_sns"
            ],
            "users": []
          },
          "sensitive_attributes": [],
          "private": "bnVsbA==",
          "dependencies": [
            "aws_dynamodb_table.restock_table",
            "aws_iam_policy.dynamodb_read_policy_restock",
            "aws_iam_role.lambda_execution_role_sns"
          ]
        }
      ]
    },
    {
      "mode": "managed",
      "type": "aws_iam_policy_attachment",
      "name": "lambda_dynamodb_scan_attachment_inventory",
      "provider": "provider[\"registry.terraform.io/hashicorp/aws\"]",
      "instances": [
        {
          "schema_version": 0,
          "attributes": {
            "groups": [],
            "id": "LambdaDynamoDBScanAttachmentInventory",
            "name": "LambdaDynamoDBScanAttachmentInventory",
            "policy_arn": "arn:aws:iam::975050363201:policy/DynamoDBScanPolicyInventory",
            "roles": [
              "lambda_execution_role_sns"
            ],
            "users": []
          },
          "sensitive_attributes": [],
          "private": "bnVsbA==",
          "dependencies": [
            "aws_dynamodb_table.inventory_table",
            "aws_iam_policy.dynamodb_scan_policy_inventory",
            "aws_iam_role.lambda_execution_role_sns"
          ]
        }
      ]
    },
    {
      "mode": "managed",
      "type": "aws_iam_policy_attachment",
      "name": "lambda_dynamodb_scan_attachment_restock",
      "provider": "provider[\"registry.terraform.io/hashicorp/aws\"]",
      "instances": [
        {
          "schema_version": 0,
          "attributes": {
            "groups": [],
            "id": "LambdaDynamoDBScanAttachmentRestock",
            "name": "LambdaDynamoDBScanAttachmentRestock",
            "policy_arn": "arn:aws:iam::975050363201:policy/DynamoDBScanPolicyRestock",
            "roles": [
              "lambda_execution_role"
            ],
            "users": []
          },
          "sensitive_attributes": [],
          "private": "bnVsbA==",
          "dependencies": [
            "aws_dynamodb_table.restock_table",
            "aws_iam_policy.dynamodb_scan_policy_restock",
            "aws_iam_role.lambda_execution_role"
          ]
        }
      ]
    },
    {
      "mode": "managed",
      "type": "aws_iam_policy_attachment",
      "name": "lambda_sns_policy_attachment",
      "provider": "provider[\"registry.terraform.io/hashicorp/aws\"]",
      "instances": [
        {
          "schema_version": 0,
          "attributes": {
            "groups": [],
            "id": "lambda_sns_policy_attachment",
            "name": "lambda_sns_policy_attachment",
            "policy_arn": "arn:aws:iam::aws:policy/service-role/AWSLambdaBasicExecutionRole",
            "roles": [
              "lambda_execution_role_sns"
            ],
            "users": []
          },
          "sensitive_attributes": [],
          "private": "bnVsbA==",
          "dependencies": [
            "aws_iam_role.lambda_execution_role_sns"
          ]
        }
      ]
    },
    {
      "mode": "managed",
      "type": "aws_iam_policy_attachment",
      "name": "lambda_sns_policy_attachment_full",
      "provider": "provider[\"registry.terraform.io/hashicorp/aws\"]",
      "instances": [
        {
          "schema_version": 0,
          "attributes": {
            "groups": [],
            "id": "lambda_sns_policy_attachment_full",
            "name": "lambda_sns_policy_attachment_full",
            "policy_arn": "arn:aws:iam::aws:policy/AmazonSNSFullAccess",
            "roles": [
              "lambda_execution_role_sns"
            ],
            "users": []
          },
          "sensitive_attributes": [],
          "private": "bnVsbA==",
          "dependencies": [
            "aws_iam_role.lambda_execution_role_sns"
          ]
        }
      ]
    },
    {
      "mode": "managed",
      "type": "aws_iam_policy_attachment",
      "name": "lambda_sns_policy_attachment_publish",
      "provider": "provider[\"registry.terraform.io/hashicorp/aws\"]",
      "instances": [
        {
          "schema_version": 0,
          "attributes": {
            "groups": [],
            "id": "LambdaSNSSendAttachment",
            "name": "LambdaSNSSendAttachment",
            "policy_arn": "arn:aws:iam::975050363201:policy/LambdaSNSPolicyPublish",
            "roles": [
              "lambda_execution_role_sns"
            ],
            "users": []
          },
          "sensitive_attributes": [],
          "private": "bnVsbA==",
          "dependencies": [
            "aws_iam_policy.lambda_sns_policy_publish",
            "aws_iam_role.lambda_execution_role_sns",
            "aws_sns_topic.restock_notifications"
          ]
        }
      ]
    },
    {
      "mode": "managed",
      "type": "aws_iam_role",
      "name": "lambda_execution_role",
      "provider": "provider[\"registry.terraform.io/hashicorp/aws\"]",
      "instances": [
        {
          "schema_version": 0,
          "attributes": {
            "arn": "arn:aws:iam::975050363201:role/lambda_execution_role",
            "assume_role_policy": "{\"Statement\":[{\"Action\":\"sts:AssumeRole\",\"Effect\":\"Allow\",\"Principal\":{\"Service\":\"lambda.amazonaws.com\"}}],\"Version\":\"2012-10-17\"}",
            "create_date": "2024-05-30T06:19:34Z",
            "description": "",
            "force_detach_policies": false,
            "id": "lambda_execution_role",
            "inline_policy": [],
            "managed_policy_arns": [
              "arn:aws:iam::975050363201:policy/DynamoDBBatchWritePolicyRestock",
              "arn:aws:iam::975050363201:policy/DynamoDBScanPolicyRestock",
              "arn:aws:iam::975050363201:policy/SQSReceiveMessagePolicy",
              "arn:aws:iam::975050363201:policy/SQSSendMessagePolicy",
              "arn:aws:iam::975050363201:policy/lambda_execution_policy"
            ],
            "max_session_duration": 3600,
            "name": "lambda_execution_role",
            "name_prefix": "",
            "path": "/",
            "permissions_boundary": "",
            "tags": {},
            "tags_all": {},
            "unique_id": "AROA6GBMH2FAWD6UQKDG7"
          },
          "sensitive_attributes": [],
          "private": "bnVsbA=="
        }
      ]
    },
    {
      "mode": "managed",
      "type": "aws_iam_role",
      "name": "lambda_execution_role_sns",
      "provider": "provider[\"registry.terraform.io/hashicorp/aws\"]",
      "instances": [
        {
          "schema_version": 0,
          "attributes": {
            "arn": "arn:aws:iam::975050363201:role/lambda_execution_role_sns",
            "assume_role_policy": "{\"Statement\":[{\"Action\":\"sts:AssumeRole\",\"Effect\":\"Allow\",\"Principal\":{\"Service\":\"lambda.amazonaws.com\"}}],\"Version\":\"2012-10-17\"}",
            "create_date": "2024-05-30T06:19:34Z",
            "description": "",
            "force_detach_policies": false,
            "id": "lambda_execution_role_sns",
            "inline_policy": [],
            "managed_policy_arns": [
              "arn:aws:iam::975050363201:policy/DynamoDBReadPolicyInventory",
              "arn:aws:iam::975050363201:policy/DynamoDBReadPolicyRestock",
              "arn:aws:iam::975050363201:policy/DynamoDBScanPolicyInventory",
              "arn:aws:iam::975050363201:policy/LambdaSNSPolicyPublish",
              "arn:aws:iam::aws:policy/AmazonSNSFullAccess",
              "arn:aws:iam::aws:policy/service-role/AWSLambdaBasicExecutionRole"
            ],
            "max_session_duration": 3600,
            "name": "lambda_execution_role_sns",
            "name_prefix": "",
            "path": "/",
            "permissions_boundary": "",
            "tags": {},
            "tags_all": {},
            "unique_id": "AROA6GBMH2FA3KONO7OMU"
          },
          "sensitive_attributes": [],
          "private": "bnVsbA=="
        }
      ]
    },
    {
      "mode": "managed",
      "type": "aws_iam_role",
      "name": "step_function_role",
      "provider": "provider[\"registry.terraform.io/hashicorp/aws\"]",
      "instances": [
        {
          "schema_version": 0,
          "attributes": {
            "arn": "arn:aws:iam::975050363201:role/StepFunctionExecutionRole",
            "assume_role_policy": "{\"Statement\":[{\"Action\":\"sts:AssumeRole\",\"Effect\":\"Allow\",\"Principal\":{\"Service\":\"states.eu-central-1.amazonaws.com\"}}],\"Version\":\"2012-10-17\"}",
            "create_date": "2024-05-30T06:19:34Z",
            "description": "",
            "force_detach_policies": false,
            "id": "StepFunctionExecutionRole",
            "inline_policy": [
              {
                "name": "StepFunctionCloudWatchPolicy",
                "policy": "{\"Version\":\"2012-10-17\",\"Statement\":[{\"Action\":\"states:StartExecution\",\"Effect\":\"Allow\",\"Resource\":\"arn:aws:states:eu-central-1:975050363201:stateMachine:SQSProcessor\"}]}"
              },
              {
                "name": "StepFunctionPolicy",
                "policy": "{\"Version\":\"2012-10-17\",\"Statement\":[{\"Action\":[\"lambda:InvokeFunction\",\"lambda:InvokeAsync\"],\"Effect\":\"Allow\",\"Resource\":[\"arn:aws:lambda:eu-central-1:975050363201:function:sqs-consumer-lambda\"]},{\"Action\":\"sqs:ReceiveMessage\",\"Effect\":\"Allow\",\"Resource\":\"arn:aws:sqs:eu-central-1:975050363201:inventory_queue\"}]}"
              }
            ],
            "managed_policy_arns": [],
            "max_session_duration": 3600,
            "name": "StepFunctionExecutionRole",
            "name_prefix": "",
            "path": "/",
            "permissions_boundary": "",
            "tags": {},
            "tags_all": {},
            "unique_id": "AROA6GBMH2FA2VXENVHNT"
          },
          "sensitive_attributes": [],
          "private": "bnVsbA=="
        }
      ]
    },
    {
      "mode": "managed",
      "type": "aws_iam_role_policy",
      "name": "step_function_cloudwatch_policy",
      "provider": "provider[\"registry.terraform.io/hashicorp/aws\"]",
      "instances": [
        {
          "schema_version": 0,
          "attributes": {
            "id": "StepFunctionExecutionRole:StepFunctionCloudWatchPolicy",
            "name": "StepFunctionCloudWatchPolicy",
            "name_prefix": "",
            "policy": "{\"Version\":\"2012-10-17\",\"Statement\":[{\"Action\":\"states:StartExecution\",\"Effect\":\"Allow\",\"Resource\":\"arn:aws:states:eu-central-1:975050363201:stateMachine:SQSProcessor\"}]}",
            "role": "StepFunctionExecutionRole"
          },
          "sensitive_attributes": [],
          "private": "bnVsbA==",
          "dependencies": [
            "aws_iam_role.lambda_execution_role",
            "aws_iam_role.step_function_role",
            "aws_lambda_function.sqs_consumer_lambda",
            "aws_sfn_state_machine.sqs_processor",
            "aws_sns_topic.restock_notifications",
            "aws_sqs_queue.inventory_queue"
          ]
        }
      ]
    },
    {
      "mode": "managed",
      "type": "aws_iam_role_policy",
      "name": "step_function_policy",
      "provider": "provider[\"registry.terraform.io/hashicorp/aws\"]",
      "instances": [
        {
          "schema_version": 0,
          "attributes": {
            "id": "StepFunctionExecutionRole:StepFunctionPolicy",
            "name": "StepFunctionPolicy",
            "name_prefix": "",
            "policy": "{\"Version\":\"2012-10-17\",\"Statement\":[{\"Action\":[\"lambda:InvokeFunction\",\"lambda:InvokeAsync\"],\"Effect\":\"Allow\",\"Resource\":[\"arn:aws:lambda:eu-central-1:975050363201:function:sqs-consumer-lambda\"]},{\"Action\":\"sqs:ReceiveMessage\",\"Effect\":\"Allow\",\"Resource\":\"arn:aws:sqs:eu-central-1:975050363201:inventory_queue\"}]}",
            "role": "StepFunctionExecutionRole"
          },
          "sensitive_attributes": [],
          "private": "bnVsbA==",
          "dependencies": [
            "aws_iam_role.lambda_execution_role",
            "aws_iam_role.step_function_role",
            "aws_lambda_function.sqs_consumer_lambda",
            "aws_sns_topic.restock_notifications",
            "aws_sqs_queue.inventory_queue"
          ]
        }
      ]
    },
    {
      "mode": "managed",
      "type": "aws_iam_role_policy_attachment",
      "name": "attach_dynamodb_batch_write_policy_restock",
      "provider": "provider[\"registry.terraform.io/hashicorp/aws\"]",
      "instances": [
        {
          "schema_version": 0,
          "attributes": {
            "id": "lambda_execution_role-20240530061957401000000001",
            "policy_arn": "arn:aws:iam::975050363201:policy/DynamoDBBatchWritePolicyRestock",
            "role": "lambda_execution_role"
          },
          "sensitive_attributes": [],
          "private": "bnVsbA==",
          "dependencies": [
            "aws_dynamodb_table.restock_table",
            "aws_iam_policy.dynamodb_batch_write_policy_restock",
            "aws_iam_role.lambda_execution_role"
          ]
        }
      ]
    },
    {
      "mode": "managed",
      "type": "aws_iam_role_policy_attachment",
      "name": "lambda_execution_attachment",
      "provider": "provider[\"registry.terraform.io/hashicorp/aws\"]",
      "instances": [
        {
          "schema_version": 0,
          "attributes": {
            "id": "lambda_execution_role-20240530061957560200000002",
            "policy_arn": "arn:aws:iam::975050363201:policy/lambda_execution_policy",
            "role": "lambda_execution_role"
          },
          "sensitive_attributes": [],
          "private": "bnVsbA==",
          "dependencies": [
            "aws_dynamodb_table.inventory_table",
            "aws_dynamodb_table.restock_table",
            "aws_iam_policy.lambda_execution_policy",
            "aws_iam_role.lambda_execution_role",
            "aws_s3_bucket.inventory_files",
            "aws_sns_topic.restock_notifications"
          ]
        }
      ]
    },
    {
      "mode": "managed",
      "type": "aws_iam_role_policy_attachment",
      "name": "lambda_sqs_receive_message_attachment",
      "provider": "provider[\"registry.terraform.io/hashicorp/aws\"]",
      "instances": [
        {
          "schema_version": 0,
          "attributes": {
            "id": "lambda_execution_role-20240530062014923400000004",
            "policy_arn": "arn:aws:iam::975050363201:policy/SQSReceiveMessagePolicy",
            "role": "lambda_execution_role"
          },
          "sensitive_attributes": [],
          "private": "bnVsbA==",
          "dependencies": [
            "aws_iam_policy.sqs_receive_message_policy",
            "aws_iam_role.lambda_execution_role",
            "aws_sqs_queue.inventory_queue"
          ]
        }
      ]
    },
    {
      "mode": "managed",
      "type": "aws_iam_role_policy_attachment",
      "name": "lambda_sqs_send_message_attachment",
      "provider": "provider[\"registry.terraform.io/hashicorp/aws\"]",
      "instances": [
        {
          "schema_version": 0,
          "attributes": {
            "id": "lambda_execution_role-20240530062014918500000003",
            "policy_arn": "arn:aws:iam::975050363201:policy/SQSSendMessagePolicy",
            "role": "lambda_execution_role"
          },
          "sensitive_attributes": [],
          "private": "bnVsbA==",
          "dependencies": [
            "aws_iam_policy.sqs_send_message_policy",
            "aws_iam_role.lambda_execution_role",
            "aws_sqs_queue.inventory_queue"
          ]
        }
      ]
    },
    {
      "mode": "managed",
      "type": "aws_lambda_function",
      "name": "csv_loop_handler",
      "provider": "provider[\"registry.terraform.io/hashicorp/aws\"]",
      "instances": [
        {
          "schema_version": 0,
          "attributes": {
            "architectures": [
              "x86_64"
            ],
            "arn": "arn:aws:lambda:eu-central-1:975050363201:function:csv-loop",
            "code_sha256": "t/+Cvk7cqb3BoUUgxIj5HOnYU0pYT5B9mBuODmI4gVA=",
            "code_signing_config_arn": "",
            "dead_letter_config": [],
            "description": "",
            "environment": [
              {
                "variables": {
                  "TABLE_NAME": "Inventory"
                }
              }
            ],
            "ephemeral_storage": [
              {
                "size": 512
              }
            ],
            "file_system_config": [],
            "filename": "csv-loop.zip",
            "function_name": "csv-loop",
            "handler": "csv-loop.insert_items_from_csv",
            "id": "csv-loop",
            "image_config": [],
            "image_uri": "",
            "invoke_arn": "arn:aws:apigateway:eu-central-1:lambda:path/2015-03-31/functions/arn:aws:lambda:eu-central-1:975050363201:function:csv-loop/invocations",
            "kms_key_arn": "",
            "last_modified": "2024-05-30T06:20:02.698+0000",
            "layers": [],
            "logging_config": [
              {
                "application_log_level": "",
                "log_format": "Text",
                "log_group": "/aws/lambda/csv-loop",
                "system_log_level": ""
              }
            ],
            "memory_size": 128,
            "package_type": "Zip",
            "publish": false,
            "qualified_arn": "arn:aws:lambda:eu-central-1:975050363201:function:csv-loop:$LATEST",
            "qualified_invoke_arn": "arn:aws:apigateway:eu-central-1:lambda:path/2015-03-31/functions/arn:aws:lambda:eu-central-1:975050363201:function:csv-loop:$LATEST/invocations",
            "replace_security_groups_on_destroy": null,
            "replacement_security_group_ids": null,
            "reserved_concurrent_executions": -1,
            "role": "arn:aws:iam::975050363201:role/lambda_execution_role",
            "runtime": "python3.8",
            "s3_bucket": null,
            "s3_key": null,
            "s3_object_version": null,
            "signing_job_arn": "",
            "signing_profile_version_arn": "",
            "skip_destroy": false,
            "snap_start": [],
            "source_code_hash": "",
            "source_code_size": 1205,
            "tags": {},
            "tags_all": {},
            "timeout": 3,
            "timeouts": null,
            "tracing_config": [
              {
                "mode": "PassThrough"
              }
            ],
            "version": "$LATEST",
            "vpc_config": []
          },
          "sensitive_attributes": [],
          "private": "eyJlMmJmYjczMC1lY2FhLTExZTYtOGY4OC0zNDM2M2JjN2M0YzAiOnsiY3JlYXRlIjo2MDAwMDAwMDAwMDAsImRlbGV0ZSI6NjAwMDAwMDAwMDAwLCJ1cGRhdGUiOjYwMDAwMDAwMDAwMH19",
          "dependencies": [
            "aws_dynamodb_table.inventory_table",
            "aws_dynamodb_table.restock_table",
            "aws_iam_policy.lambda_execution_policy",
            "aws_iam_role.lambda_execution_role",
            "aws_s3_bucket.inventory_files",
            "aws_sns_topic.restock_notifications"
          ]
        }
      ]
    },
    {
      "mode": "managed",
      "type": "aws_lambda_function",
      "name": "inventory_handler",
      "provider": "provider[\"registry.terraform.io/hashicorp/aws\"]",
      "instances": [
        {
          "schema_version": 0,
          "attributes": {
            "architectures": [
              "x86_64"
            ],
            "arn": "arn:aws:lambda:eu-central-1:975050363201:function:inventory_handler",
            "code_sha256": "9VR80Xne/81+0Bto+aj7Or5J7Q5KrwAJuYfcR7yLvU4=",
            "code_signing_config_arn": "",
            "dead_letter_config": [],
            "description": "",
            "environment": [
              {
                "variables": {
                  "SNS_TOPIC_ARN": "arn:aws:sns:eu-central-1:975050363201:restock_notifications_topic",
                  "SQS_QUEUE_URL": "https://sqs.eu-central-1.amazonaws.com/975050363201/inventory_queue",
                  "TABLE_NAME": "Inventory"
                }
              }
            ],
            "ephemeral_storage": [
              {
                "size": 512
              }
            ],
            "file_system_config": [],
            "filename": "inventory_handler.zip",
            "function_name": "inventory_handler",
            "handler": "inventory_handler.handler",
            "id": "inventory_handler",
            "image_config": [],
            "image_uri": "",
            "invoke_arn": "arn:aws:apigateway:eu-central-1:lambda:path/2015-03-31/functions/arn:aws:lambda:eu-central-1:975050363201:function:inventory_handler/invocations",
            "kms_key_arn": "",
            "last_modified": "2024-05-30T06:20:25.950+0000",
            "layers": [],
            "logging_config": [
              {
                "application_log_level": "",
                "log_format": "Text",
                "log_group": "/aws/lambda/inventory_handler",
                "system_log_level": ""
              }
            ],
            "memory_size": 128,
            "package_type": "Zip",
            "publish": false,
            "qualified_arn": "arn:aws:lambda:eu-central-1:975050363201:function:inventory_handler:$LATEST",
            "qualified_invoke_arn": "arn:aws:apigateway:eu-central-1:lambda:path/2015-03-31/functions/arn:aws:lambda:eu-central-1:975050363201:function:inventory_handler:$LATEST/invocations",
            "replace_security_groups_on_destroy": null,
            "replacement_security_group_ids": null,
            "reserved_concurrent_executions": -1,
            "role": "arn:aws:iam::975050363201:role/lambda_execution_role",
            "runtime": "python3.8",
            "s3_bucket": null,
            "s3_key": null,
            "s3_object_version": null,
            "signing_job_arn": "",
            "signing_profile_version_arn": "",
            "skip_destroy": false,
            "snap_start": [],
            "source_code_hash": "",
            "source_code_size": 1643,
            "tags": {},
            "tags_all": {},
            "timeout": 3,
            "timeouts": null,
            "tracing_config": [
              {
                "mode": "PassThrough"
              }
            ],
            "version": "$LATEST",
            "vpc_config": []
          },
          "sensitive_attributes": [],
          "private": "eyJlMmJmYjczMC1lY2FhLTExZTYtOGY4OC0zNDM2M2JjN2M0YzAiOnsiY3JlYXRlIjo2MDAwMDAwMDAwMDAsImRlbGV0ZSI6NjAwMDAwMDAwMDAwLCJ1cGRhdGUiOjYwMDAwMDAwMDAwMH19",
          "dependencies": [
            "aws_dynamodb_table.inventory_table",
            "aws_iam_role.lambda_execution_role",
            "aws_sns_topic.restock_notifications",
            "aws_sqs_queue.inventory_queue"
          ]
        }
      ]
    },
    {
      "mode": "managed",
      "type": "aws_lambda_function",
      "name": "json_loop_handler",
      "provider": "provider[\"registry.terraform.io/hashicorp/aws\"]",
      "instances": [
        {
          "schema_version": 0,
          "attributes": {
            "architectures": [
              "x86_64"
            ],
            "arn": "arn:aws:lambda:eu-central-1:975050363201:function:json-loop",
            "code_sha256": "NbTC0nk4JHzwgWOGuYR5p1RM0STdzjAMnIJyOl4Zcq0=",
            "code_signing_config_arn": "",
            "dead_letter_config": [],
            "description": "",
            "environment": [
              {
                "variables": {
                  "TABLE_NAME": "Restock"
                }
              }
            ],
            "ephemeral_storage": [
              {
                "size": 512
              }
            ],
            "file_system_config": [],
            "filename": "json-loop.zip",
            "function_name": "json-loop",
            "handler": "json-loop.process_json_files",
            "id": "json-loop",
            "image_config": [],
            "image_uri": "",
            "invoke_arn": "arn:aws:apigateway:eu-central-1:lambda:path/2015-03-31/functions/arn:aws:lambda:eu-central-1:975050363201:function:json-loop/invocations",
            "kms_key_arn": "",
            "last_modified": "2024-05-30T06:20:13.590+0000",
            "layers": [],
            "logging_config": [
              {
                "application_log_level": "",
                "log_format": "Text",
                "log_group": "/aws/lambda/json-loop",
                "system_log_level": ""
              }
            ],
            "memory_size": 128,
            "package_type": "Zip",
            "publish": false,
            "qualified_arn": "arn:aws:lambda:eu-central-1:975050363201:function:json-loop:$LATEST",
            "qualified_invoke_arn": "arn:aws:apigateway:eu-central-1:lambda:path/2015-03-31/functions/arn:aws:lambda:eu-central-1:975050363201:function:json-loop:$LATEST/invocations",
            "replace_security_groups_on_destroy": null,
            "replacement_security_group_ids": null,
            "reserved_concurrent_executions": -1,
            "role": "arn:aws:iam::975050363201:role/lambda_execution_role",
            "runtime": "python3.8",
            "s3_bucket": null,
            "s3_key": null,
            "s3_object_version": null,
            "signing_job_arn": "",
            "signing_profile_version_arn": "",
            "skip_destroy": false,
            "snap_start": [],
            "source_code_hash": "",
            "source_code_size": 977,
            "tags": {},
            "tags_all": {},
            "timeout": 3,
            "timeouts": null,
            "tracing_config": [
              {
                "mode": "PassThrough"
              }
            ],
            "version": "$LATEST",
            "vpc_config": []
          },
          "sensitive_attributes": [],
          "private": "eyJlMmJmYjczMC1lY2FhLTExZTYtOGY4OC0zNDM2M2JjN2M0YzAiOnsiY3JlYXRlIjo2MDAwMDAwMDAwMDAsImRlbGV0ZSI6NjAwMDAwMDAwMDAwLCJ1cGRhdGUiOjYwMDAwMDAwMDAwMH19",
          "dependencies": [
            "aws_dynamodb_table.inventory_table",
            "aws_dynamodb_table.restock_table",
            "aws_iam_policy.lambda_execution_policy",
            "aws_iam_role.lambda_execution_role",
            "aws_s3_bucket.inventory_files",
            "aws_sns_topic.restock_notifications"
          ]
        }
      ]
    },
    {
      "mode": "managed",
      "type": "aws_lambda_function",
      "name": "restock_checker",
      "provider": "provider[\"registry.terraform.io/hashicorp/aws\"]",
      "instances": [
        {
          "schema_version": 0,
          "attributes": {
            "architectures": [
              "x86_64"
            ],
            "arn": "arn:aws:lambda:eu-central-1:975050363201:function:restock_checker",
            "code_sha256": "LvrwaQleQXziTfJdXMgi0IRhek4MPjhJwAQKU49FnMY=",
            "code_signing_config_arn": "",
            "dead_letter_config": [],
            "description": "",
            "environment": [
              {
                "variables": {
                  "SNS_TOPIC_ARN": "arn:aws:sns:eu-central-1:975050363201:restock_notifications_topic"
                }
              }
            ],
            "ephemeral_storage": [
              {
                "size": 512
              }
            ],
            "file_system_config": [],
            "filename": "restock_checker.zip",
            "function_name": "restock_checker",
            "handler": "restock_checker.restock_checker",
            "id": "restock_checker",
            "image_config": [],
            "image_uri": "",
            "invoke_arn": "arn:aws:apigateway:eu-central-1:lambda:path/2015-03-31/functions/arn:aws:lambda:eu-central-1:975050363201:function:restock_checker/invocations",
            "kms_key_arn": "",
            "last_modified": "2024-05-30T06:19:45.018+0000",
            "layers": [],
            "logging_config": [
              {
                "application_log_level": "",
                "log_format": "Text",
                "log_group": "/aws/lambda/restock_checker",
                "system_log_level": ""
              }
            ],
            "memory_size": 128,
            "package_type": "Zip",
            "publish": false,
            "qualified_arn": "arn:aws:lambda:eu-central-1:975050363201:function:restock_checker:$LATEST",
            "qualified_invoke_arn": "arn:aws:apigateway:eu-central-1:lambda:path/2015-03-31/functions/arn:aws:lambda:eu-central-1:975050363201:function:restock_checker:$LATEST/invocations",
            "replace_security_groups_on_destroy": null,
            "replacement_security_group_ids": null,
            "reserved_concurrent_executions": -1,
            "role": "arn:aws:iam::975050363201:role/lambda_execution_role_sns",
            "runtime": "python3.8",
            "s3_bucket": null,
            "s3_key": null,
            "s3_object_version": null,
            "signing_job_arn": "",
            "signing_profile_version_arn": "",
            "skip_destroy": false,
            "snap_start": [],
            "source_code_hash": "",
            "source_code_size": 1088,
            "tags": {},
            "tags_all": {},
            "timeout": 10,
            "timeouts": null,
            "tracing_config": [
              {
                "mode": "PassThrough"
              }
            ],
            "version": "$LATEST",
            "vpc_config": []
          },
          "sensitive_attributes": [],
          "private": "eyJlMmJmYjczMC1lY2FhLTExZTYtOGY4OC0zNDM2M2JjN2M0YzAiOnsiY3JlYXRlIjo2MDAwMDAwMDAwMDAsImRlbGV0ZSI6NjAwMDAwMDAwMDAwLCJ1cGRhdGUiOjYwMDAwMDAwMDAwMH19",
          "dependencies": [
            "aws_iam_policy_attachment.lambda_sns_policy_attachment",
            "aws_iam_policy_attachment.lambda_sns_policy_attachment_full",
            "aws_iam_role.lambda_execution_role_sns",
            "aws_sns_topic.restock_notifications"
          ]
        }
      ]
    },
    {
      "mode": "managed",
      "type": "aws_lambda_function",
      "name": "restock_handler",
      "provider": "provider[\"registry.terraform.io/hashicorp/aws\"]",
      "instances": [
        {
          "schema_version": 0,
          "attributes": {
            "architectures": [
              "x86_64"
            ],
            "arn": "arn:aws:lambda:eu-central-1:975050363201:function:restock_handler",
            "code_sha256": "FP+HeokZX9GXLEJ0eu7l3gLPCRl2kTfKrDF4tLtPas8=",
            "code_signing_config_arn": "",
            "dead_letter_config": [],
            "description": "",
            "environment": [
              {
                "variables": {
                  "SNS_TOPIC_ARN": "arn:aws:sns:eu-central-1:975050363201:restock_notifications_topic",
                  "TABLE_NAME": "Inventory"
                }
              }
            ],
            "ephemeral_storage": [
              {
                "size": 512
              }
            ],
            "file_system_config": [],
            "filename": "restock_handler.zip",
            "function_name": "restock_handler",
            "handler": "restock_handler.lambda_handler",
            "id": "restock_handler",
            "image_config": [],
            "image_uri": "",
            "invoke_arn": "arn:aws:apigateway:eu-central-1:lambda:path/2015-03-31/functions/arn:aws:lambda:eu-central-1:975050363201:function:restock_handler/invocations",
            "kms_key_arn": "",
            "last_modified": "2024-05-30T06:20:02.650+0000",
            "layers": [],
            "logging_config": [
              {
                "application_log_level": "",
                "log_format": "Text",
                "log_group": "/aws/lambda/restock_handler",
                "system_log_level": ""
              }
            ],
            "memory_size": 128,
            "package_type": "Zip",
            "publish": false,
            "qualified_arn": "arn:aws:lambda:eu-central-1:975050363201:function:restock_handler:$LATEST",
            "qualified_invoke_arn": "arn:aws:apigateway:eu-central-1:lambda:path/2015-03-31/functions/arn:aws:lambda:eu-central-1:975050363201:function:restock_handler:$LATEST/invocations",
            "replace_security_groups_on_destroy": null,
            "replacement_security_group_ids": null,
            "reserved_concurrent_executions": -1,
            "role": "arn:aws:iam::975050363201:role/lambda_execution_role",
            "runtime": "python3.8",
            "s3_bucket": null,
            "s3_key": null,
            "s3_object_version": null,
            "signing_job_arn": "",
            "signing_profile_version_arn": "",
            "skip_destroy": false,
            "snap_start": [],
            "source_code_hash": "",
            "source_code_size": 1555,
            "tags": {},
            "tags_all": {},
            "timeout": 3,
            "timeouts": null,
            "tracing_config": [
              {
                "mode": "PassThrough"
              }
            ],
            "version": "$LATEST",
            "vpc_config": []
          },
          "sensitive_attributes": [],
          "private": "eyJlMmJmYjczMC1lY2FhLTExZTYtOGY4OC0zNDM2M2JjN2M0YzAiOnsiY3JlYXRlIjo2MDAwMDAwMDAwMDAsImRlbGV0ZSI6NjAwMDAwMDAwMDAwLCJ1cGRhdGUiOjYwMDAwMDAwMDAwMH19",
          "dependencies": [
            "aws_dynamodb_table.inventory_table",
            "aws_iam_role.lambda_execution_role",
            "aws_sns_topic.restock_notifications"
          ]
        }
      ]
    },
    {
      "mode": "managed",
      "type": "aws_lambda_function",
      "name": "sqs_consumer_lambda",
      "provider": "provider[\"registry.terraform.io/hashicorp/aws\"]",
      "instances": [
        {
          "schema_version": 0,
          "attributes": {
            "architectures": [
              "x86_64"
            ],
            "arn": "arn:aws:lambda:eu-central-1:975050363201:function:sqs-consumer-lambda",
            "code_sha256": "qTFK9DTlxO1oTDRYaaAY5Mn/rmr274WidJZwXw/bGy4=",
            "code_signing_config_arn": "",
            "dead_letter_config": [],
            "description": "",
            "environment": [
              {
                "variables": {
                  "QUEUE_URL": "https://sqs.eu-central-1.amazonaws.com/975050363201/inventory_queue",
                  "SNS_TOPIC_ARN": "arn:aws:sns:eu-central-1:975050363201:restock_notifications_topic"
                }
              }
            ],
            "ephemeral_storage": [
              {
                "size": 512
              }
            ],
            "file_system_config": [],
            "filename": "batch_operation.zip",
            "function_name": "sqs-consumer-lambda",
            "handler": "batch_operation.lambda_handler",
            "id": "sqs-consumer-lambda",
            "image_config": [],
            "image_uri": "",
            "invoke_arn": "arn:aws:apigateway:eu-central-1:lambda:path/2015-03-31/functions/arn:aws:lambda:eu-central-1:975050363201:function:sqs-consumer-lambda/invocations",
            "kms_key_arn": "",
            "last_modified": "2024-05-30T07:07:08.000+0000",
            "layers": [],
            "logging_config": [
              {
                "application_log_level": "",
                "log_format": "Text",
                "log_group": "/aws/lambda/sqs-consumer-lambda",
                "system_log_level": ""
              }
            ],
            "memory_size": 128,
            "package_type": "Zip",
            "publish": false,
            "qualified_arn": "arn:aws:lambda:eu-central-1:975050363201:function:sqs-consumer-lambda:$LATEST",
            "qualified_invoke_arn": "arn:aws:apigateway:eu-central-1:lambda:path/2015-03-31/functions/arn:aws:lambda:eu-central-1:975050363201:function:sqs-consumer-lambda:$LATEST/invocations",
            "replace_security_groups_on_destroy": null,
            "replacement_security_group_ids": null,
            "reserved_concurrent_executions": -1,
            "role": "arn:aws:iam::975050363201:role/lambda_execution_role",
            "runtime": "python3.8",
            "s3_bucket": null,
            "s3_key": null,
            "s3_object_version": null,
            "signing_job_arn": "",
            "signing_profile_version_arn": "",
            "skip_destroy": false,
            "snap_start": [],
            "source_code_hash": "",
            "source_code_size": 921,
            "tags": {},
            "tags_all": {},
            "timeout": 900,
            "timeouts": null,
            "tracing_config": [
              {
                "mode": "PassThrough"
              }
            ],
            "version": "$LATEST",
            "vpc_config": []
          },
          "sensitive_attributes": [],
          "private": "eyJlMmJmYjczMC1lY2FhLTExZTYtOGY4OC0zNDM2M2JjN2M0YzAiOnsiY3JlYXRlIjo2MDAwMDAwMDAwMDAsImRlbGV0ZSI6NjAwMDAwMDAwMDAwLCJ1cGRhdGUiOjYwMDAwMDAwMDAwMH19",
          "dependencies": [
            "aws_iam_role.lambda_execution_role",
            "aws_sns_topic.restock_notifications",
            "aws_sqs_queue.inventory_queue"
          ]
        }
      ]
    },
    {
      "mode": "managed",
      "type": "aws_lambda_permission",
      "name": "allow_cloudwatch_to_invoke_lambda",
      "provider": "provider[\"registry.terraform.io/hashicorp/aws\"]",
      "instances": [
        {
          "schema_version": 0,
          "attributes": {
            "action": "lambda:InvokeFunction",
            "event_source_token": null,
            "function_name": "sqs-consumer-lambda",
            "function_url_auth_type": null,
            "id": "AllowCloudWatch",
            "principal": "events.amazonaws.com",
            "principal_org_id": null,
            "qualifier": "",
            "source_account": null,
            "source_arn": "arn:aws:events:eu-central-1:975050363201:rule/DailySQSProcessorTrigger",
            "statement_id": "AllowCloudWatch",
            "statement_id_prefix": ""
          },
          "sensitive_attributes": [],
          "private": "bnVsbA==",
          "dependencies": [
            "aws_cloudwatch_event_rule.daily_sqs_processor_trigger",
            "aws_iam_role.lambda_execution_role",
            "aws_lambda_function.sqs_consumer_lambda",
            "aws_sns_topic.restock_notifications",
            "aws_sqs_queue.inventory_queue"
          ]
        }
      ]
    },
    {
      "mode": "managed",
      "type": "aws_lambda_permission",
      "name": "csv_data_bucket_permission",
      "provider": "provider[\"registry.terraform.io/hashicorp/aws\"]",
      "instances": [
        {
          "schema_version": 0,
          "attributes": {
            "action": "lambda:InvokeFunction",
            "event_source_token": null,
            "function_name": "arn:aws:lambda:eu-central-1:975050363201:function:inventory_handler",
            "function_url_auth_type": null,
            "id": "AllowExecutionFromS3",
            "principal": "s3.amazonaws.com",
            "principal_org_id": null,
            "qualifier": "",
            "source_account": null,
            "source_arn": "arn:aws:s3:::unique-name-for-inventory-bucket-example",
            "statement_id": "AllowExecutionFromS3",
            "statement_id_prefix": ""
          },
          "sensitive_attributes": [],
          "private": "bnVsbA==",
          "dependencies": [
            "aws_dynamodb_table.inventory_table",
            "aws_iam_role.lambda_execution_role",
            "aws_lambda_function.inventory_handler",
            "aws_s3_bucket.inventory_files",
            "aws_sns_topic.restock_notifications",
            "aws_sqs_queue.inventory_queue"
          ]
        }
      ]
    },
    {
      "mode": "managed",
      "type": "aws_lambda_permission",
      "name": "json_data_bucket_permission",
      "provider": "provider[\"registry.terraform.io/hashicorp/aws\"]",
      "instances": [
        {
          "schema_version": 0,
          "attributes": {
            "action": "lambda:InvokeFunction",
            "event_source_token": null,
            "function_name": "arn:aws:lambda:eu-central-1:975050363201:function:json-loop",
            "function_url_auth_type": null,
            "id": "AllowExecutionFromS3",
            "principal": "s3.amazonaws.com",
            "principal_org_id": null,
            "qualifier": "",
            "source_account": null,
            "source_arn": "arn:aws:s3:::unique-name-for-inventory-bucket-example",
            "statement_id": "AllowExecutionFromS3",
            "statement_id_prefix": ""
          },
          "sensitive_attributes": [],
          "private": "bnVsbA==",
          "dependencies": [
            "aws_dynamodb_table.inventory_table",
            "aws_dynamodb_table.restock_table",
            "aws_iam_policy.lambda_execution_policy",
            "aws_iam_role.lambda_execution_role",
            "aws_lambda_function.json_loop_handler",
            "aws_s3_bucket.inventory_files",
            "aws_sns_topic.restock_notifications"
          ]
        }
      ]
    },
    {
      "mode": "managed",
      "type": "aws_lambda_permission",
      "name": "restock_bucket_permission",
      "provider": "provider[\"registry.terraform.io/hashicorp/aws\"]",
      "instances": [
        {
          "schema_version": 0,
          "attributes": {
            "action": "lambda:InvokeFunction",
            "event_source_token": null,
            "function_name": "arn:aws:lambda:eu-central-1:975050363201:function:restock_handler",
            "function_url_auth_type": null,
            "id": "AllowExecutionFromS3",
            "principal": "s3.amazonaws.com",
            "principal_org_id": null,
            "qualifier": "",
            "source_account": null,
            "source_arn": "arn:aws:s3:::unique-name-for-inventory-bucket-example",
            "statement_id": "AllowExecutionFromS3",
            "statement_id_prefix": ""
          },
          "sensitive_attributes": [],
          "private": "bnVsbA==",
          "dependencies": [
            "aws_dynamodb_table.inventory_table",
            "aws_iam_role.lambda_execution_role",
            "aws_lambda_function.restock_handler",
            "aws_s3_bucket.inventory_files",
            "aws_sns_topic.restock_notifications"
          ]
        }
      ]
    },
    {
      "mode": "managed",
      "type": "aws_s3_bucket",
      "name": "inventory_files",
      "provider": "provider[\"registry.terraform.io/hashicorp/aws\"]",
      "instances": [
        {
          "schema_version": 0,
          "attributes": {
            "acceleration_status": "",
            "acl": null,
            "arn": "arn:aws:s3:::unique-name-for-inventory-bucket-example",
            "bucket": "unique-name-for-inventory-bucket-example",
            "bucket_domain_name": "unique-name-for-inventory-bucket-example.s3.amazonaws.com",
            "bucket_prefix": "",
            "bucket_regional_domain_name": "unique-name-for-inventory-bucket-example.s3.eu-central-1.amazonaws.com",
            "cors_rule": [],
            "force_destroy": true,
            "grant": [
              {
                "id": "523ace65ef2aa0d3588e31074f8ca3a63643857b85a143425b2830f85c284965",
                "permissions": [
                  "FULL_CONTROL"
                ],
                "type": "CanonicalUser",
                "uri": ""
              }
            ],
            "hosted_zone_id": "Z21DNDUVLTQW6Q",
            "id": "unique-name-for-inventory-bucket-example",
            "lifecycle_rule": [],
            "logging": [],
            "object_lock_configuration": [],
            "object_lock_enabled": false,
            "policy": "",
            "region": "eu-central-1",
            "replication_configuration": [],
            "request_payer": "BucketOwner",
            "server_side_encryption_configuration": [
              {
                "rule": [
                  {
                    "apply_server_side_encryption_by_default": [
                      {
                        "kms_master_key_id": "",
                        "sse_algorithm": "AES256"
                      }
                    ],
                    "bucket_key_enabled": false
                  }
                ]
              }
            ],
            "tags": {},
            "tags_all": {},
            "timeouts": null,
            "versioning": [
              {
                "enabled": false,
                "mfa_delete": false
              }
            ],
            "website": [],
            "website_domain": null,
            "website_endpoint": null
          },
          "sensitive_attributes": [],
          "private": "eyJlMmJmYjczMC1lY2FhLTExZTYtOGY4OC0zNDM2M2JjN2M0YzAiOnsiY3JlYXRlIjoxMjAwMDAwMDAwMDAwLCJkZWxldGUiOjM2MDAwMDAwMDAwMDAsInJlYWQiOjEyMDAwMDAwMDAwMDAsInVwZGF0ZSI6MTIwMDAwMDAwMDAwMH19"
        }
      ]
    },
    {
      "mode": "managed",
      "type": "aws_s3_bucket_notification",
      "name": "data_bucket_notifications",
      "provider": "provider[\"registry.terraform.io/hashicorp/aws\"]",
      "instances": [
        {
          "schema_version": 0,
          "attributes": {
            "bucket": "unique-name-for-inventory-bucket-example",
            "eventbridge": false,
            "id": "unique-name-for-inventory-bucket-example",
            "lambda_function": [
              {
                "events": [
                  "s3:ObjectCreated:*"
                ],
                "filter_prefix": "inventory_files/",
                "filter_suffix": "",
                "id": "tf-s3-lambda-20240530062025214100000005",
                "lambda_function_arn": "arn:aws:lambda:eu-central-1:975050363201:function:inventory_handler"
              },
              {
                "events": [
                  "s3:ObjectCreated:*"
                ],
                "filter_prefix": "restock_thresholds/",
                "filter_suffix": "",
                "id": "tf-s3-lambda-20240530062025214100000006",
                "lambda_function_arn": "arn:aws:lambda:eu-central-1:975050363201:function:restock_handler"
              }
            ],
            "queue": [],
            "topic": []
          },
          "sensitive_attributes": [],
          "private": "bnVsbA==",
          "dependencies": [
            "aws_dynamodb_table.inventory_table",
            "aws_dynamodb_table.restock_table",
            "aws_iam_policy.lambda_execution_policy",
            "aws_iam_role.lambda_execution_role",
            "aws_lambda_function.inventory_handler",
            "aws_lambda_function.json_loop_handler",
            "aws_lambda_function.restock_handler",
            "aws_s3_bucket.inventory_files",
            "aws_sns_topic.restock_notifications",
            "aws_sqs_queue.inventory_queue"
          ]
        }
      ]
    },
    {
      "mode": "managed",
      "type": "aws_s3_object",
      "name": "inventory_files",
      "provider": "provider[\"registry.terraform.io/hashicorp/aws\"]",
      "instances": [
        {
          "index_key": "inventory_files/2024/04/29/202404291000_inventory.csv",
          "schema_version": 0,
          "attributes": {
            "acl": null,
            "arn": "arn:aws:s3:::unique-name-for-inventory-bucket-example/inventory_files/2024/04/29/202404291000_inventory.csv",
            "bucket": "unique-name-for-inventory-bucket-example",
            "bucket_key_enabled": false,
            "cache_control": "",
            "checksum_algorithm": null,
            "checksum_crc32": "",
            "checksum_crc32c": "",
            "checksum_sha1": "",
            "checksum_sha256": "",
            "content": null,
            "content_base64": null,
            "content_disposition": "",
            "content_encoding": "",
            "content_language": "",
            "content_type": "application/octet-stream",
            "etag": "31c36638b11b9fd0691820f406d519db",
            "force_destroy": false,
            "id": "inventory_files/2024/04/29/202404291000_inventory.csv",
            "key": "inventory_files/2024/04/29/202404291000_inventory.csv",
            "kms_key_id": null,
            "metadata": {},
            "object_lock_legal_hold_status": "",
            "object_lock_mode": "",
            "object_lock_retain_until_date": "",
            "override_provider": [],
            "server_side_encryption": "AES256",
            "source": "inventory_files/2024/04/29/202404291000_inventory.csv",
            "source_hash": null,
            "storage_class": "STANDARD",
            "tags": {},
            "tags_all": {},
            "version_id": "",
            "website_redirect": ""
          },
          "sensitive_attributes": [],
          "private": "bnVsbA==",
          "dependencies": [
            "aws_s3_bucket.inventory_files"
          ]
        },
        {
          "index_key": "inventory_files/2024/04/29/202404291604_inventory.csv",
          "schema_version": 0,
          "attributes": {
            "acl": null,
            "arn": "arn:aws:s3:::unique-name-for-inventory-bucket-example/inventory_files/2024/04/29/202404291604_inventory.csv",
            "bucket": "unique-name-for-inventory-bucket-example",
            "bucket_key_enabled": false,
            "cache_control": "",
            "checksum_algorithm": null,
            "checksum_crc32": "",
            "checksum_crc32c": "",
            "checksum_sha1": "",
            "checksum_sha256": "",
            "content": null,
            "content_base64": null,
            "content_disposition": "",
            "content_encoding": "",
            "content_language": "",
            "content_type": "application/octet-stream",
            "etag": "0a9198d694c5c7dd0eda2bda86741ab0",
            "force_destroy": false,
            "id": "inventory_files/2024/04/29/202404291604_inventory.csv",
            "key": "inventory_files/2024/04/29/202404291604_inventory.csv",
            "kms_key_id": null,
            "metadata": {},
            "object_lock_legal_hold_status": "",
            "object_lock_mode": "",
            "object_lock_retain_until_date": "",
            "override_provider": [],
            "server_side_encryption": "AES256",
            "source": "inventory_files/2024/04/29/202404291604_inventory.csv",
            "source_hash": null,
            "storage_class": "STANDARD",
            "tags": {},
            "tags_all": {},
            "version_id": "",
            "website_redirect": ""
          },
          "sensitive_attributes": [],
          "private": "bnVsbA==",
          "dependencies": [
            "aws_s3_bucket.inventory_files"
          ]
        },
        {
          "index_key": "inventory_files/2024/04/30/202404300059_inventory.csv",
          "schema_version": 0,
          "attributes": {
            "acl": null,
            "arn": "arn:aws:s3:::unique-name-for-inventory-bucket-example/inventory_files/2024/04/30/202404300059_inventory.csv",
            "bucket": "unique-name-for-inventory-bucket-example",
            "bucket_key_enabled": false,
            "cache_control": "",
            "checksum_algorithm": null,
            "checksum_crc32": "",
            "checksum_crc32c": "",
            "checksum_sha1": "",
            "checksum_sha256": "",
            "content": null,
            "content_base64": null,
            "content_disposition": "",
            "content_encoding": "",
            "content_language": "",
            "content_type": "application/octet-stream",
            "etag": "cfd3f28067f5e8ad715c72dbe8a696a2",
            "force_destroy": false,
            "id": "inventory_files/2024/04/30/202404300059_inventory.csv",
            "key": "inventory_files/2024/04/30/202404300059_inventory.csv",
            "kms_key_id": null,
            "metadata": {},
            "object_lock_legal_hold_status": "",
            "object_lock_mode": "",
            "object_lock_retain_until_date": "",
            "override_provider": [],
            "server_side_encryption": "AES256",
            "source": "inventory_files/2024/04/30/202404300059_inventory.csv",
            "source_hash": null,
            "storage_class": "STANDARD",
            "tags": {},
            "tags_all": {},
            "version_id": "",
            "website_redirect": ""
          },
          "sensitive_attributes": [],
          "private": "bnVsbA==",
          "dependencies": [
            "aws_s3_bucket.inventory_files"
          ]
        },
        {
          "index_key": "inventory_files/2024/04/30/202404300159_inventory.csv",
          "schema_version": 0,
          "attributes": {
            "acl": null,
            "arn": "arn:aws:s3:::unique-name-for-inventory-bucket-example/inventory_files/2024/04/30/202404300159_inventory.csv",
            "bucket": "unique-name-for-inventory-bucket-example",
            "bucket_key_enabled": false,
            "cache_control": "",
            "checksum_algorithm": null,
            "checksum_crc32": "",
            "checksum_crc32c": "",
            "checksum_sha1": "",
            "checksum_sha256": "",
            "content": null,
            "content_base64": null,
            "content_disposition": "",
            "content_encoding": "",
            "content_language": "",
            "content_type": "application/octet-stream",
            "etag": "5656aa9fe3236bb0e27533d8cae7ab64",
            "force_destroy": false,
            "id": "inventory_files/2024/04/30/202404300159_inventory.csv",
            "key": "inventory_files/2024/04/30/202404300159_inventory.csv",
            "kms_key_id": null,
            "metadata": {},
            "object_lock_legal_hold_status": "",
            "object_lock_mode": "",
            "object_lock_retain_until_date": "",
            "override_provider": [],
            "server_side_encryption": "AES256",
            "source": "inventory_files/2024/04/30/202404300159_inventory.csv",
            "source_hash": null,
            "storage_class": "STANDARD",
            "tags": {},
            "tags_all": {},
            "version_id": "",
            "website_redirect": ""
          },
          "sensitive_attributes": [],
          "private": "bnVsbA==",
          "dependencies": [
            "aws_s3_bucket.inventory_files"
          ]
        },
        {
          "index_key": "inventory_files/2024/05/01/202405000000_inventory.csv",
          "schema_version": 0,
          "attributes": {
            "acl": null,
            "arn": "arn:aws:s3:::unique-name-for-inventory-bucket-example/inventory_files/2024/05/01/202405000000_inventory.csv",
            "bucket": "unique-name-for-inventory-bucket-example",
            "bucket_key_enabled": false,
            "cache_control": "",
            "checksum_algorithm": null,
            "checksum_crc32": "",
            "checksum_crc32c": "",
            "checksum_sha1": "",
            "checksum_sha256": "",
            "content": null,
            "content_base64": null,
            "content_disposition": "",
            "content_encoding": "",
            "content_language": "",
            "content_type": "application/octet-stream",
            "etag": "41c63c91af64633f104691f49e761846",
            "force_destroy": false,
            "id": "inventory_files/2024/05/01/202405000000_inventory.csv",
            "key": "inventory_files/2024/05/01/202405000000_inventory.csv",
            "kms_key_id": null,
            "metadata": {},
            "object_lock_legal_hold_status": "",
            "object_lock_mode": "",
            "object_lock_retain_until_date": "",
            "override_provider": [],
            "server_side_encryption": "AES256",
            "source": "inventory_files/2024/05/01/202405000000_inventory.csv",
            "source_hash": null,
            "storage_class": "STANDARD",
            "tags": {},
            "tags_all": {},
            "version_id": "",
            "website_redirect": ""
          },
          "sensitive_attributes": [],
          "private": "bnVsbA==",
          "dependencies": [
            "aws_s3_bucket.inventory_files"
          ]
        },
        {
          "index_key": "inventory_files/2024/05/01/202405000001_inventory.csv",
          "schema_version": 0,
          "attributes": {
            "acl": null,
            "arn": "arn:aws:s3:::unique-name-for-inventory-bucket-example/inventory_files/2024/05/01/202405000001_inventory.csv",
            "bucket": "unique-name-for-inventory-bucket-example",
            "bucket_key_enabled": false,
            "cache_control": "",
            "checksum_algorithm": null,
            "checksum_crc32": "",
            "checksum_crc32c": "",
            "checksum_sha1": "",
            "checksum_sha256": "",
            "content": null,
            "content_base64": null,
            "content_disposition": "",
            "content_encoding": "",
            "content_language": "",
            "content_type": "application/octet-stream",
            "etag": "24ee58623fff6bb2f140c2c8d73d71ea",
            "force_destroy": false,
            "id": "inventory_files/2024/05/01/202405000001_inventory.csv",
            "key": "inventory_files/2024/05/01/202405000001_inventory.csv",
            "kms_key_id": null,
            "metadata": {},
            "object_lock_legal_hold_status": "",
            "object_lock_mode": "",
            "object_lock_retain_until_date": "",
            "override_provider": [],
            "server_side_encryption": "AES256",
            "source": "inventory_files/2024/05/01/202405000001_inventory.csv",
            "source_hash": null,
            "storage_class": "STANDARD",
            "tags": {},
            "tags_all": {},
            "version_id": "",
            "website_redirect": ""
          },
          "sensitive_attributes": [],
          "private": "bnVsbA==",
          "dependencies": [
            "aws_s3_bucket.inventory_files"
          ]
        }
      ]
    },
    {
      "mode": "managed",
      "type": "aws_s3_object",
      "name": "restock_lists_folder",
      "provider": "provider[\"registry.terraform.io/hashicorp/aws\"]",
      "instances": [
        {
          "schema_version": 0,
          "attributes": {
            "acl": null,
            "arn": "arn:aws:s3:::unique-name-for-inventory-bucket-example/restock_lists/",
            "bucket": "unique-name-for-inventory-bucket-example",
            "bucket_key_enabled": false,
            "cache_control": "",
            "checksum_algorithm": null,
            "checksum_crc32": "",
            "checksum_crc32c": "",
            "checksum_sha1": "",
            "checksum_sha256": "",
            "content": null,
            "content_base64": null,
            "content_disposition": "",
            "content_encoding": "",
            "content_language": "",
            "content_type": "application/octet-stream",
            "etag": "d41d8cd98f00b204e9800998ecf8427e",
            "force_destroy": true,
            "id": "restock_lists/",
            "key": "restock_lists/",
            "kms_key_id": null,
            "metadata": {},
            "object_lock_legal_hold_status": "",
            "object_lock_mode": "",
            "object_lock_retain_until_date": "",
            "override_provider": [],
            "server_side_encryption": "AES256",
            "source": "/dev/null",
            "source_hash": null,
            "storage_class": "STANDARD",
            "tags": {},
            "tags_all": {},
            "version_id": "",
            "website_redirect": ""
          },
          "sensitive_attributes": [],
          "private": "bnVsbA==",
          "dependencies": [
            "aws_s3_bucket.inventory_files"
          ]
        }
      ]
    },
    {
      "mode": "managed",
      "type": "aws_s3_object",
      "name": "restock_thresholds",
      "provider": "provider[\"registry.terraform.io/hashicorp/aws\"]",
      "instances": [
        {
          "index_key": "restock_thresholds/2024/04/29/restock_thresholds.json",
          "schema_version": 0,
          "attributes": {
            "acl": null,
            "arn": "arn:aws:s3:::unique-name-for-inventory-bucket-example/restock_thresholds/2024/04/29/restock_thresholds.json",
            "bucket": "unique-name-for-inventory-bucket-example",
            "bucket_key_enabled": false,
            "cache_control": "",
            "checksum_algorithm": null,
            "checksum_crc32": "",
            "checksum_crc32c": "",
            "checksum_sha1": "",
            "checksum_sha256": "",
            "content": null,
            "content_base64": null,
            "content_disposition": "",
            "content_encoding": "",
            "content_language": "",
            "content_type": "application/octet-stream",
            "etag": "5cb8a23dfd72b684bf5cd25cdbcaf4f8",
            "force_destroy": false,
            "id": "restock_thresholds/2024/04/29/restock_thresholds.json",
            "key": "restock_thresholds/2024/04/29/restock_thresholds.json",
            "kms_key_id": null,
            "metadata": {},
            "object_lock_legal_hold_status": "",
            "object_lock_mode": "",
            "object_lock_retain_until_date": "",
            "override_provider": [],
            "server_side_encryption": "AES256",
            "source": "restock_thresholds/2024/04/29/restock_thresholds.json",
            "source_hash": null,
            "storage_class": "STANDARD",
            "tags": {},
            "tags_all": {},
            "version_id": "",
            "website_redirect": ""
          },
          "sensitive_attributes": [],
          "private": "bnVsbA==",
          "dependencies": [
            "aws_s3_bucket.inventory_files"
          ]
        },
        {
          "index_key": "restock_thresholds/2024/04/30/restock_thresholds.json",
          "schema_version": 0,
          "attributes": {
            "acl": null,
            "arn": "arn:aws:s3:::unique-name-for-inventory-bucket-example/restock_thresholds/2024/04/30/restock_thresholds.json",
            "bucket": "unique-name-for-inventory-bucket-example",
            "bucket_key_enabled": false,
            "cache_control": "",
            "checksum_algorithm": null,
            "checksum_crc32": "",
            "checksum_crc32c": "",
            "checksum_sha1": "",
            "checksum_sha256": "",
            "content": null,
            "content_base64": null,
            "content_disposition": "",
            "content_encoding": "",
            "content_language": "",
            "content_type": "application/octet-stream",
            "etag": "7379ba1de51be67e641ba411613d34aa",
            "force_destroy": false,
            "id": "restock_thresholds/2024/04/30/restock_thresholds.json",
            "key": "restock_thresholds/2024/04/30/restock_thresholds.json",
            "kms_key_id": null,
            "metadata": {},
            "object_lock_legal_hold_status": "",
            "object_lock_mode": "",
            "object_lock_retain_until_date": "",
            "override_provider": [],
            "server_side_encryption": "AES256",
            "source": "restock_thresholds/2024/04/30/restock_thresholds.json",
            "source_hash": null,
            "storage_class": "STANDARD",
            "tags": {},
            "tags_all": {},
            "version_id": "",
            "website_redirect": ""
          },
          "sensitive_attributes": [],
          "private": "bnVsbA==",
          "dependencies": [
            "aws_s3_bucket.inventory_files"
          ]
        },
        {
          "index_key": "restock_thresholds/2024/05/01/restock_thresholds.json",
          "schema_version": 0,
          "attributes": {
            "acl": null,
            "arn": "arn:aws:s3:::unique-name-for-inventory-bucket-example/restock_thresholds/2024/05/01/restock_thresholds.json",
            "bucket": "unique-name-for-inventory-bucket-example",
            "bucket_key_enabled": false,
            "cache_control": "",
            "checksum_algorithm": null,
            "checksum_crc32": "",
            "checksum_crc32c": "",
            "checksum_sha1": "",
            "checksum_sha256": "",
            "content": null,
            "content_base64": null,
            "content_disposition": "",
            "content_encoding": "",
            "content_language": "",
            "content_type": "application/octet-stream",
            "etag": "8ab46ee06532d099198fc54923b1863b",
            "force_destroy": false,
            "id": "restock_thresholds/2024/05/01/restock_thresholds.json",
            "key": "restock_thresholds/2024/05/01/restock_thresholds.json",
            "kms_key_id": null,
            "metadata": {},
            "object_lock_legal_hold_status": "",
            "object_lock_mode": "",
            "object_lock_retain_until_date": "",
            "override_provider": [],
            "server_side_encryption": "AES256",
            "source": "restock_thresholds/2024/05/01/restock_thresholds.json",
            "source_hash": null,
            "storage_class": "STANDARD",
            "tags": {},
            "tags_all": {},
            "version_id": "",
            "website_redirect": ""
          },
          "sensitive_attributes": [],
          "private": "bnVsbA==",
          "dependencies": [
            "aws_s3_bucket.inventory_files"
          ]
        },
        {
          "index_key": "restock_thresholds/2024/05/02/restock_thresholds.json",
          "schema_version": 0,
          "attributes": {
            "acl": null,
            "arn": "arn:aws:s3:::unique-name-for-inventory-bucket-example/restock_thresholds/2024/05/02/restock_thresholds.json",
            "bucket": "unique-name-for-inventory-bucket-example",
            "bucket_key_enabled": false,
            "cache_control": "",
            "checksum_algorithm": null,
            "checksum_crc32": "",
            "checksum_crc32c": "",
            "checksum_sha1": "",
            "checksum_sha256": "",
            "content": null,
            "content_base64": null,
            "content_disposition": "",
            "content_encoding": "",
            "content_language": "",
            "content_type": "application/octet-stream",
            "etag": "3d178d6bf957a4d70a3851787daad5d3",
            "force_destroy": false,
            "id": "restock_thresholds/2024/05/02/restock_thresholds.json",
            "key": "restock_thresholds/2024/05/02/restock_thresholds.json",
            "kms_key_id": null,
            "metadata": {},
            "object_lock_legal_hold_status": "",
            "object_lock_mode": "",
            "object_lock_retain_until_date": "",
            "override_provider": [],
            "server_side_encryption": "AES256",
            "source": "restock_thresholds/2024/05/02/restock_thresholds.json",
            "source_hash": null,
            "storage_class": "STANDARD",
            "tags": {},
            "tags_all": {},
            "version_id": "",
            "website_redirect": ""
          },
          "sensitive_attributes": [],
          "private": "bnVsbA==",
          "dependencies": [
            "aws_s3_bucket.inventory_files"
          ]
        }
      ]
    },
    {
      "mode": "managed",
      "type": "aws_sfn_state_machine",
      "name": "sqs_processor",
      "provider": "provider[\"registry.terraform.io/hashicorp/aws\"]",
      "instances": [
        {
          "schema_version": 0,
          "attributes": {
            "arn": "arn:aws:states:eu-central-1:975050363201:stateMachine:SQSProcessor",
            "creation_date": "2024-05-30T06:20:22Z",
            "definition": "{\"Comment\":\"A description of my state machine\",\"StartAt\":\"ProcessSQSMessage\",\"States\":{\"CheckIfMoreMessages\":{\"Choices\":[{\"BooleanEquals\":true,\"Next\":\"StopExecution\",\"Variable\":\"$.queueEmpty\"}],\"Default\":\"ProcessSQSMessage\",\"Type\":\"Choice\"},\"FailState\":{\"Error\":\"Failed to process SQS messages\",\"Type\":\"Fail\"},\"ProcessSQSMessage\":{\"Catch\":[{\"ErrorEquals\":[\"States.ALL\"],\"Next\":\"FailState\"}],\"Next\":\"CheckIfMoreMessages\",\"Resource\":\"arn:aws:lambda:eu-central-1:975050363201:function:sqs-consumer-lambda\",\"Retry\":[{\"BackoffRate\":2,\"ErrorEquals\":[\"States.ALL\"],\"IntervalSeconds\":5,\"MaxAttempts\":3}],\"Type\":\"Task\"},\"StopExecution\":{\"Type\":\"Succeed\"}}}",
            "description": "",
            "id": "arn:aws:states:eu-central-1:975050363201:stateMachine:SQSProcessor",
            "logging_configuration": [
              {
                "include_execution_data": false,
                "level": "OFF",
                "log_destination": ""
              }
            ],
            "name": "SQSProcessor",
            "name_prefix": "",
            "publish": false,
            "revision_id": "6aed90b8-ffde-43a7-aae5-f29f03660c24",
            "role_arn": "arn:aws:iam::975050363201:role/StepFunctionExecutionRole",
            "state_machine_version_arn": "",
            "status": "ACTIVE",
            "tags": {},
            "tags_all": {},
            "timeouts": null,
            "tracing_configuration": [
              {
                "enabled": false
              }
            ],
            "type": "STANDARD",
            "version_description": null
          },
          "sensitive_attributes": [],
          "private": "eyJlMmJmYjczMC1lY2FhLTExZTYtOGY4OC0zNDM2M2JjN2M0YzAiOnsiY3JlYXRlIjozMDAwMDAwMDAwMDAsImRlbGV0ZSI6MzAwMDAwMDAwMDAwLCJ1cGRhdGUiOjYwMDAwMDAwMDAwfX0=",
          "dependencies": [
            "aws_iam_role.lambda_execution_role",
            "aws_iam_role.step_function_role",
            "aws_lambda_function.sqs_consumer_lambda",
            "aws_sns_topic.restock_notifications",
            "aws_sqs_queue.inventory_queue"
          ]
        }
      ]
    },
    {
      "mode": "managed",
      "type": "aws_sns_topic",
      "name": "restock_notifications",
      "provider": "provider[\"registry.terraform.io/hashicorp/aws\"]",
      "instances": [
        {
          "schema_version": 0,
          "attributes": {
            "application_failure_feedback_role_arn": "",
            "application_success_feedback_role_arn": "",
            "application_success_feedback_sample_rate": 0,
            "archive_policy": "",
            "arn": "arn:aws:sns:eu-central-1:975050363201:restock_notifications_topic",
            "beginning_archive_time": "",
            "content_based_deduplication": false,
            "delivery_policy": "",
            "display_name": "",
            "fifo_topic": false,
            "firehose_failure_feedback_role_arn": "",
            "firehose_success_feedback_role_arn": "",
            "firehose_success_feedback_sample_rate": 0,
            "http_failure_feedback_role_arn": "",
            "http_success_feedback_role_arn": "",
            "http_success_feedback_sample_rate": 0,
            "id": "arn:aws:sns:eu-central-1:975050363201:restock_notifications_topic",
            "kms_master_key_id": "",
            "lambda_failure_feedback_role_arn": "",
            "lambda_success_feedback_role_arn": "",
            "lambda_success_feedback_sample_rate": 0,
            "name": "restock_notifications_topic",
            "name_prefix": "",
            "owner": "975050363201",
            "policy": "{\"Statement\":[{\"Action\":\"sns:Publish\",\"Effect\":\"Allow\",\"Principal\":\"*\",\"Resource\":\"arn:aws:sns:eu-central-1:975050363201:restock_notifications_topic\",\"Sid\":\"AllowLambdaToPublish\"}],\"Version\":\"2012-10-17\"}",
            "signature_version": 0,
            "sqs_failure_feedback_role_arn": "",
            "sqs_success_feedback_role_arn": "",
            "sqs_success_feedback_sample_rate": 0,
            "tags": {},
            "tags_all": {},
            "tracing_config": ""
          },
          "sensitive_attributes": [],
          "private": "bnVsbA=="
        }
      ]
    },
    {
      "mode": "managed",
      "type": "aws_sns_topic_policy",
      "name": "sns_topic_policy",
      "provider": "provider[\"registry.terraform.io/hashicorp/aws\"]",
      "instances": [
        {
          "schema_version": 0,
          "attributes": {
            "arn": "arn:aws:sns:eu-central-1:975050363201:restock_notifications_topic",
            "id": "arn:aws:sns:eu-central-1:975050363201:restock_notifications_topic",
            "owner": "975050363201",
            "policy": "{\"Statement\":[{\"Action\":\"sns:Publish\",\"Effect\":\"Allow\",\"Principal\":\"*\",\"Resource\":\"arn:aws:sns:eu-central-1:975050363201:restock_notifications_topic\",\"Sid\":\"AllowLambdaToPublish\"}],\"Version\":\"2012-10-17\"}"
          },
          "sensitive_attributes": [],
          "private": "bnVsbA==",
          "dependencies": [
            "aws_sns_topic.restock_notifications"
          ]
        }
      ]
    },
    {
      "mode": "managed",
      "type": "aws_sns_topic_subscription",
      "name": "email_subscription",
      "provider": "provider[\"registry.terraform.io/hashicorp/aws\"]",
      "instances": [
        {
          "schema_version": 0,
          "attributes": {
            "arn": "arn:aws:sns:eu-central-1:975050363201:restock_notifications_topic:e3576e34-7b5b-42cd-9a12-10fe6785166a",
            "confirmation_timeout_in_minutes": 1,
            "confirmation_was_authenticated": false,
            "delivery_policy": "",
            "endpoint": "mjzagobooks@gmail.com",
            "endpoint_auto_confirms": false,
            "filter_policy": "",
            "filter_policy_scope": "",
            "id": "arn:aws:sns:eu-central-1:975050363201:restock_notifications_topic:e3576e34-7b5b-42cd-9a12-10fe6785166a",
            "owner_id": "975050363201",
            "pending_confirmation": false,
            "protocol": "email",
            "raw_message_delivery": false,
            "redrive_policy": "",
            "replay_policy": "",
            "subscription_role_arn": "",
            "topic_arn": "arn:aws:sns:eu-central-1:975050363201:restock_notifications_topic"
          },
          "sensitive_attributes": [],
          "private": "bnVsbA==",
          "dependencies": [
            "aws_sns_topic.restock_notifications"
          ]
        }
      ]
    },
    {
      "mode": "managed",
      "type": "aws_sqs_queue",
      "name": "inventory_queue",
      "provider": "provider[\"registry.terraform.io/hashicorp/aws\"]",
      "instances": [
        {
          "schema_version": 0,
          "attributes": {
            "arn": "arn:aws:sqs:eu-central-1:975050363201:inventory_queue",
            "content_based_deduplication": false,
            "deduplication_scope": "",
            "delay_seconds": 0,
            "fifo_queue": false,
            "fifo_throughput_limit": "",
            "id": "https://sqs.eu-central-1.amazonaws.com/975050363201/inventory_queue",
            "kms_data_key_reuse_period_seconds": 300,
            "kms_master_key_id": "",
            "max_message_size": 262144,
            "message_retention_seconds": 345600,
            "name": "inventory_queue",
            "name_prefix": "",
            "policy": "{\"Statement\":[{\"Action\":\"sqs:SendMessage\",\"Condition\":{\"ArnLike\":{\"aws:SourceArn\":\"arn:aws:s3:::unique-name-for-inventory-bucket-example\"}},\"Effect\":\"Allow\",\"Principal\":\"*\",\"Resource\":\"arn:aws:sqs:eu-central-1:975050363201:inventory_queue\"}],\"Version\":\"2012-10-17\"}",
            "receive_wait_time_seconds": 0,
            "redrive_allow_policy": "",
            "redrive_policy": "",
            "sqs_managed_sse_enabled": true,
            "tags": {},
            "tags_all": {},
            "url": "https://sqs.eu-central-1.amazonaws.com/975050363201/inventory_queue",
            "visibility_timeout_seconds": 30
          },
          "sensitive_attributes": [],
          "private": "bnVsbA=="
        }
      ]
    },
    {
      "mode": "managed",
      "type": "aws_sqs_queue_policy",
      "name": "inventory_queue_policy",
      "provider": "provider[\"registry.terraform.io/hashicorp/aws\"]",
      "instances": [
        {
          "schema_version": 1,
          "attributes": {
            "id": "https://sqs.eu-central-1.amazonaws.com/975050363201/inventory_queue",
            "policy": "{\"Statement\":[{\"Action\":\"sqs:SendMessage\",\"Condition\":{\"ArnLike\":{\"aws:SourceArn\":\"arn:aws:s3:::unique-name-for-inventory-bucket-example\"}},\"Effect\":\"Allow\",\"Principal\":\"*\",\"Resource\":\"arn:aws:sqs:eu-central-1:975050363201:inventory_queue\"}],\"Version\":\"2012-10-17\"}",
            "queue_url": "https://sqs.eu-central-1.amazonaws.com/975050363201/inventory_queue"
          },
          "sensitive_attributes": [],
          "private": "eyJzY2hlbWFfdmVyc2lvbiI6IjEifQ==",
          "dependencies": [
            "aws_s3_bucket.inventory_files",
            "aws_sqs_queue.inventory_queue"
          ]
        }
      ]
    }
  ],
  "check_results": null
}
